{
  "version": 4,
  "terraform_version": "1.3.4",
  "serial": 3,
  "lineage": "9ac81c87-9a9c-7b75-4c9c-dc1ee8e3a31d",
  "outputs": {},
  "resources": [
    {
      "mode": "data",
      "type": "digitalocean_project",
      "name": "lab_project",
      "provider": "provider[\"registry.terraform.io/digitalocean/digitalocean\"]",
      "instances": [
        {
          "schema_version": 0,
          "attributes": {
            "created_at": "2022-11-05T02:51:00Z",
            "description": "Update your project information under Settings",
            "environment": "",
            "id": "e57750ba-5bb3-4be1-a7d5-86a881f80157",
            "is_default": true,
            "name": "first-project",
            "owner_id": 12815091,
            "owner_uuid": "e67d723c-be47-43c5-94a8-fc68bde08bb6",
            "purpose": "",
            "resources": [],
            "updated_at": "2022-11-05T02:51:00Z"
          },
          "sensitive_attributes": []
        }
      ]
    },
    {
      "mode": "data",
      "type": "digitalocean_ssh_key",
      "name": "terraform_ssh_key",
      "provider": "provider[\"registry.terraform.io/digitalocean/digitalocean\"]",
      "instances": [
        {
          "schema_version": 0,
          "attributes": {
            "fingerprint": "d4:e6:7f:2b:bf:b2:b7:38:b4:d2:f2:47:ec:d6:60:6c",
            "id": 36683972,
            "name": "ACIT4640",
            "public_key": "ssh-rsa AAAAB3NzaC1yc2EAAAADAQABAAABgQC3cz10fLBS8aFghiIQQ0kk6WiriWupw5HuYpelBY/trssgpgrIRRSnVP/oQqZVW/DJFTElwJ6MndliaF+/cls6/ahfmrp4K5ZPzsygyyLePRO3/v+B7nwXADzH0FTgblwIyXypc9Vco1W6Qp6720aHLXswmHkEJTdjui5Z473PkLqzdl38qiPehdSdb6SZbVl7UFFu7DHLIgXNroBOkM7Bgt8zHAudPVLO9DajvcLSTXlWMlV9YdtqA8TAQzHqwoMSrdNoEG1Nm0EOpxAjuA+50XC0K7xSyiLCVAwWyFaThfjtiMK/gSDdvtb5rWfidEE4N8GL2Fo4j/H8wC5UYa3X69qPFXWX795MwS0noXYqajHRpcbzMm6F+3AB5FmbjMUtZNNs9sd8KlG6B+5BK7WoBgLVYqwwS6nH3Si8e1f9lYm/5HYMtgix9EwjQTD5DlhSGivDpJKeyv6OAyDtWgHzmU2mH5jms7hqumgyj4IEm6w+eEl9c4ceTSKxGg//L00= sj park@DESKTOP-QRG41RT"
          },
          "sensitive_attributes": []
        }
      ]
    },
    {
      "mode": "managed",
      "type": "digitalocean_droplet",
      "name": "web",
      "provider": "provider[\"registry.terraform.io/digitalocean/digitalocean\"]",
      "instances": []
    },
    {
      "mode": "managed",
      "type": "digitalocean_project_resources",
      "name": "project_attach",
      "provider": "provider[\"registry.terraform.io/digitalocean/digitalocean\"]",
      "instances": []
    },
    {
      "mode": "managed",
      "type": "digitalocean_tag",
      "name": "do_tag",
      "provider": "provider[\"registry.terraform.io/digitalocean/digitalocean\"]",
      "instances": [
        {
          "schema_version": 0,
          "attributes": {
            "databases_count": 0,
            "droplets_count": 0,
            "id": "Web",
            "images_count": 0,
            "name": "Web",
            "total_resource_count": 0,
            "volume_snapshots_count": 0,
            "volumes_count": 0
          },
          "sensitive_attributes": [],
          "private": "bnVsbA=="
        }
      ]
    }
  ],
  "check_results": null
}
